
Microsoft Visual Studio Solution File, Format Version 12.00
# Visual Studio Version 16
VisualStudioVersion = 16.0.29503.13
MinimumVisualStudioVersion = 10.0.40219.1
Project("{FAE04EC0-301F-11D3-BF4B-00C04F79EFBC}") = "TicTacToe", "TicTacToe.csproj", "{9ACC7096-088F-4F03-B4AC-9D4EC003C908}"
EndProject
Global
	GlobalSection(SolutionConfigurationPlatforms) = preSolution
		Debug|Any CPU = Debug|Any CPU
		Release|Any CPU = Release|Any CPU
	EndGlobalSection
	GlobalSection(ProjectConfigurationPlatforms) = postSolution
		{9ACC7096-088F-4F03-B4AC-9D4EC003C908}.Debug|Any CPU.ActiveCfg = Debug|Any CPU
		{9ACC7096-088F-4F03-B4AC-9D4EC003C908}.Debug|Any CPU.Build.0 = Debug|Any CPU
		{9ACC7096-088F-4F03-B4AC-9D4EC003C908}.Release|Any CPU.ActiveCfg = Release|Any CPU
		{9ACC7096-088F-4F03-B4AC-9D4EC003C908}.Release|Any CPU.Build.0 = Release|Any CPU
	EndGlobalSection
	GlobalSection(SolutionProperties) = preSolution
		HideSolutionNode = FALSE
	EndGlobalSection
	GlobalSection(ExtensibilityGlobals) = postSolution
		SolutionGuid = {8065DF39-C940-4605-92D1-CE418AC54D0D}
	EndGlobalSection
EndGlobal
